
Microsoft Visual Studio Solution File, Format Version 12.00
# Visual Studio Version 17
VisualStudioVersion = 17.5.002.0
MinimumVisualStudioVersion = 10.0.40219.1
Project("{9A19103F-16F7-4668-BE54-9A1E7A4F7556}") = "EstruturasCondicionais", "EstruturasCondicionais\EstruturasCondicionais.csproj", "{993AFC2A-76E5-43B4-AB71-6D1BA9DB0127}"
EndProject
Global
	GlobalSection(SolutionConfigurationPlatforms) = preSolution
		Debug|Any CPU = Debug|Any CPU
		Release|Any CPU = Release|Any CPU
	EndGlobalSection
	GlobalSection(ProjectConfigurationPlatforms) = postSolution
		{993AFC2A-76E5-43B4-AB71-6D1BA9DB0127}.Debug|Any CPU.ActiveCfg = Debug|Any CPU
		{993AFC2A-76E5-43B4-AB71-6D1BA9DB0127}.Debug|Any CPU.Build.0 = Debug|Any CPU
		{993AFC2A-76E5-43B4-AB71-6D1BA9DB0127}.Release|Any CPU.ActiveCfg = Release|Any CPU
		{993AFC2A-76E5-43B4-AB71-6D1BA9DB0127}.Release|Any CPU.Build.0 = Release|Any CPU
	EndGlobalSection
	GlobalSection(SolutionProperties) = preSolution
		HideSolutionNode = FALSE
	EndGlobalSection
	GlobalSection(ExtensibilityGlobals) = postSolution
		SolutionGuid = {8B641683-388A-4A5B-B7ED-CFC628FB21D1}
	EndGlobalSection
EndGlobal
